
Microsoft Visual Studio Solution File, Format Version 12.00
# Visual Studio 15
VisualStudioVersion = 15.0.28307.757
MinimumVisualStudioVersion = 10.0.40219.1
Project("{FAE04EC0-301F-11D3-BF4B-00C04F79EFBC}") = "webapi", "webapi\webapi.csproj", "{8BDEE447-F8A2-4CC5-AF1D-7167137C2ED4}"
EndProject
Global
	GlobalSection(SolutionConfigurationPlatforms) = preSolution
		Debug|Any CPU = Debug|Any CPU
		Release|Any CPU = Release|Any CPU
	EndGlobalSection
	GlobalSection(ProjectConfigurationPlatforms) = postSolution
		{8BDEE447-F8A2-4CC5-AF1D-7167137C2ED4}.Debug|Any CPU.ActiveCfg = Debug|Any CPU
		{8BDEE447-F8A2-4CC5-AF1D-7167137C2ED4}.Debug|Any CPU.Build.0 = Debug|Any CPU
		{8BDEE447-F8A2-4CC5-AF1D-7167137C2ED4}.Release|Any CPU.ActiveCfg = Release|Any CPU
		{8BDEE447-F8A2-4CC5-AF1D-7167137C2ED4}.Release|Any CPU.Build.0 = Release|Any CPU
	EndGlobalSection
	GlobalSection(SolutionProperties) = preSolution
		HideSolutionNode = FALSE
	EndGlobalSection
	GlobalSection(ExtensibilityGlobals) = postSolution
		SolutionGuid = {2A8A00AB-54DB-47C0-937C-436195E70F7F}
	EndGlobalSection
EndGlobal
